// !$*UTF8*$!
{
	archiveVersion = 1;
	classes = {
	};
	objectVersion = 50;
	objects = {

/* Begin PBXBuildFile section */
		863315972229B12800994B15 /* AppDelegate.swift in Sources */ = {isa = PBXBuildFile; fileRef = 863315962229B12800994B15 /* AppDelegate.swift */; };
		8633159C2229B12800994B15 /* Main.storyboard in Resources */ = {isa = PBXBuildFile; fileRef = 8633159A2229B12800994B15 /* Main.storyboard */; };
		8633159E2229B12A00994B15 /* Assets.xcassets in Resources */ = {isa = PBXBuildFile; fileRef = 8633159D2229B12A00994B15 /* Assets.xcassets */; };
		863315A12229B12A00994B15 /* LaunchScreen.storyboard in Resources */ = {isa = PBXBuildFile; fileRef = 8633159F2229B12A00994B15 /* LaunchScreen.storyboard */; };
		863315AC2229B12A00994B15 /* PagSeguroTestTests.swift in Sources */ = {isa = PBXBuildFile; fileRef = 863315AB2229B12A00994B15 /* PagSeguroTestTests.swift */; };
		863315B72229B14A00994B15 /* Punkapi.swift in Sources */ = {isa = PBXBuildFile; fileRef = 863315B62229B14A00994B15 /* Punkapi.swift */; };
		863315B92229B1A200994B15 /* Beer.swift in Sources */ = {isa = PBXBuildFile; fileRef = 863315B82229B1A200994B15 /* Beer.swift */; };
		863315BB2229C27100994B15 /* ExtensionUIImageView.swift in Sources */ = {isa = PBXBuildFile; fileRef = 863315BA2229C27100994B15 /* ExtensionUIImageView.swift */; };
		863315BD2229C2F400994B15 /* ShowAllBeersTableVC.swift in Sources */ = {isa = PBXBuildFile; fileRef = 863315BC2229C2F400994B15 /* ShowAllBeersTableVC.swift */; };
		863315BF2229C67300994B15 /* BeerBasicInfoTVCell.swift in Sources */ = {isa = PBXBuildFile; fileRef = 863315BE2229C67300994B15 /* BeerBasicInfoTVCell.swift */; };
		863315C82229D67800994B15 /* BeerDetailVC.swift in Sources */ = {isa = PBXBuildFile; fileRef = 863315C72229D67800994B15 /* BeerDetailVC.swift */; };
/* End PBXBuildFile section */

/* Begin PBXContainerItemProxy section */
		863315A82229B12A00994B15 /* PBXContainerItemProxy */ = {
			isa = PBXContainerItemProxy;
			containerPortal = 8633158B2229B12700994B15 /* Project object */;
			proxyType = 1;
			remoteGlobalIDString = 863315922229B12800994B15;
			remoteInfo = PagSeguroTest;
		};
/* End PBXContainerItemProxy section */

/* Begin PBXFileReference section */
		863315932229B12800994B15 /* PagSeguroTest.app */ = {isa = PBXFileReference; explicitFileType = wrapper.application; includeInIndex = 0; path = PagSeguroTest.app; sourceTree = BUILT_PRODUCTS_DIR; };
		863315962229B12800994B15 /* AppDelegate.swift */ = {isa = PBXFileReference; lastKnownFileType = sourcecode.swift; path = AppDelegate.swift; sourceTree = "<group>"; };
		8633159B2229B12800994B15 /* Base */ = {isa = PBXFileReference; lastKnownFileType = file.storyboard; name = Base; path = Base.lproj/Main.storyboard; sourceTree = "<group>"; };
		8633159D2229B12A00994B15 /* Assets.xcassets */ = {isa = PBXFileReference; lastKnownFileType = folder.assetcatalog; path = Assets.xcassets; sourceTree = "<group>"; };
		863315A02229B12A00994B15 /* Base */ = {isa = PBXFileReference; lastKnownFileType = file.storyboard; name = Base; path = Base.lproj/LaunchScreen.storyboard; sourceTree = "<group>"; };
		863315A22229B12A00994B15 /* Info.plist */ = {isa = PBXFileReference; lastKnownFileType = text.plist.xml; path = Info.plist; sourceTree = "<group>"; };
		863315A72229B12A00994B15 /* PagSeguroTestTests.xctest */ = {isa = PBXFileReference; explicitFileType = wrapper.cfbundle; includeInIndex = 0; path = PagSeguroTestTests.xctest; sourceTree = BUILT_PRODUCTS_DIR; };
		863315AB2229B12A00994B15 /* PagSeguroTestTests.swift */ = {isa = PBXFileReference; lastKnownFileType = sourcecode.swift; path = PagSeguroTestTests.swift; sourceTree = "<group>"; };
		863315AD2229B12A00994B15 /* Info.plist */ = {isa = PBXFileReference; lastKnownFileType = text.plist.xml; path = Info.plist; sourceTree = "<group>"; };
		863315B62229B14A00994B15 /* Punkapi.swift */ = {isa = PBXFileReference; lastKnownFileType = sourcecode.swift; path = Punkapi.swift; sourceTree = "<group>"; };
		863315B82229B1A200994B15 /* Beer.swift */ = {isa = PBXFileReference; lastKnownFileType = sourcecode.swift; path = Beer.swift; sourceTree = "<group>"; };
		863315BA2229C27100994B15 /* ExtensionUIImageView.swift */ = {isa = PBXFileReference; lastKnownFileType = sourcecode.swift; path = ExtensionUIImageView.swift; sourceTree = "<group>"; };
		863315BC2229C2F400994B15 /* ShowAllBeersTableVC.swift */ = {isa = PBXFileReference; lastKnownFileType = sourcecode.swift; path = ShowAllBeersTableVC.swift; sourceTree = "<group>"; };
		863315BE2229C67300994B15 /* BeerBasicInfoTVCell.swift */ = {isa = PBXFileReference; lastKnownFileType = sourcecode.swift; path = BeerBasicInfoTVCell.swift; sourceTree = "<group>"; };
		863315C72229D67800994B15 /* BeerDetailVC.swift */ = {isa = PBXFileReference; lastKnownFileType = sourcecode.swift; path = BeerDetailVC.swift; sourceTree = "<group>"; };
/* End PBXFileReference section */

/* Begin PBXFrameworksBuildPhase section */
		863315902229B12800994B15 /* Frameworks */ = {
			isa = PBXFrameworksBuildPhase;
			buildActionMask = 2147483647;
			files = (
			);
			runOnlyForDeploymentPostprocessing = 0;
		};
		863315A42229B12A00994B15 /* Frameworks */ = {
			isa = PBXFrameworksBuildPhase;
			buildActionMask = 2147483647;
			files = (
			);
			runOnlyForDeploymentPostprocessing = 0;
		};
/* End PBXFrameworksBuildPhase section */

/* Begin PBXGroup section */
		8633158A2229B12700994B15 = {
			isa = PBXGroup;
			children = (
				863315952229B12800994B15 /* PagSeguroTest */,
				863315AA2229B12A00994B15 /* PagSeguroTestTests */,
				863315942229B12800994B15 /* Products */,
			);
			sourceTree = "<group>";
		};
		863315942229B12800994B15 /* Products */ = {
			isa = PBXGroup;
			children = (
				863315932229B12800994B15 /* PagSeguroTest.app */,
				863315A72229B12A00994B15 /* PagSeguroTestTests.xctest */,
			);
			name = Products;
			sourceTree = "<group>";
		};
		863315952229B12800994B15 /* PagSeguroTest */ = {
			isa = PBXGroup;
			children = (
				863315962229B12800994B15 /* AppDelegate.swift */,
				863315C52229CED300994B15 /* BasicInfo all beers */,
				863315C22229CEB200994B15 /* Beer details */,
				863315C32229CEBB00994B15 /* API calls */,
				863315C42229CEC200994B15 /* Extensions */,
				8633159A2229B12800994B15 /* Main.storyboard */,
				863315C62229CEE400994B15 /* Models */,
				8633159D2229B12A00994B15 /* Assets.xcassets */,
				8633159F2229B12A00994B15 /* LaunchScreen.storyboard */,
				863315A22229B12A00994B15 /* Info.plist */,
			);
			path = PagSeguroTest;
			sourceTree = "<group>";
		};
		863315AA2229B12A00994B15 /* PagSeguroTestTests */ = {
			isa = PBXGroup;
			children = (
				863315AB2229B12A00994B15 /* PagSeguroTestTests.swift */,
				863315AD2229B12A00994B15 /* Info.plist */,
			);
			path = PagSeguroTestTests;
			sourceTree = "<group>";
		};
		863315C22229CEB200994B15 /* Beer details */ = {
			isa = PBXGroup;
			children = (
				863315C72229D67800994B15 /* BeerDetailVC.swift */,
			);
			path = "Beer details";
			sourceTree = "<group>";
		};
		863315C32229CEBB00994B15 /* API calls */ = {
			isa = PBXGroup;
			children = (
				863315B62229B14A00994B15 /* Punkapi.swift */,
			);
			path = "API calls";
			sourceTree = "<group>";
		};
		863315C42229CEC200994B15 /* Extensions */ = {
			isa = PBXGroup;
			children = (
				863315BA2229C27100994B15 /* ExtensionUIImageView.swift */,
			);
			path = Extensions;
			sourceTree = "<group>";
		};
		863315C52229CED300994B15 /* BasicInfo all beers */ = {
			isa = PBXGroup;
			children = (
				863315BC2229C2F400994B15 /* ShowAllBeersTableVC.swift */,
				863315BE2229C67300994B15 /* BeerBasicInfoTVCell.swift */,
			);
			path = "BasicInfo all beers";
			sourceTree = "<group>";
		};
		863315C62229CEE400994B15 /* Models */ = {
			isa = PBXGroup;
			children = (
				863315B82229B1A200994B15 /* Beer.swift */,
			);
			path = Models;
			sourceTree = "<group>";
		};
/* End PBXGroup section */

/* Begin PBXNativeTarget section */
		863315922229B12800994B15 /* PagSeguroTest */ = {
			isa = PBXNativeTarget;
			buildConfigurationList = 863315B02229B12A00994B15 /* Build configuration list for PBXNativeTarget "PagSeguroTest" */;
			buildPhases = (
				8633158F2229B12800994B15 /* Sources */,
				863315902229B12800994B15 /* Frameworks */,
				863315912229B12800994B15 /* Resources */,
			);
			buildRules = (
			);
			dependencies = (
			);
			name = PagSeguroTest;
			productName = PagSeguroTest;
			productReference = 863315932229B12800994B15 /* PagSeguroTest.app */;
			productType = "com.apple.product-type.application";
		};
		863315A62229B12A00994B15 /* PagSeguroTestTests */ = {
			isa = PBXNativeTarget;
			buildConfigurationList = 863315B32229B12A00994B15 /* Build configuration list for PBXNativeTarget "PagSeguroTestTests" */;
			buildPhases = (
				863315A32229B12A00994B15 /* Sources */,
				863315A42229B12A00994B15 /* Frameworks */,
				863315A52229B12A00994B15 /* Resources */,
			);
			buildRules = (
			);
			dependencies = (
				863315A92229B12A00994B15 /* PBXTargetDependency */,
			);
			name = PagSeguroTestTests;
			productName = PagSeguroTestTests;
			productReference = 863315A72229B12A00994B15 /* PagSeguroTestTests.xctest */;
			productType = "com.apple.product-type.bundle.unit-test";
		};
/* End PBXNativeTarget section */

/* Begin PBXProject section */
		8633158B2229B12700994B15 /* Project object */ = {
			isa = PBXProject;
			attributes = {
				LastSwiftUpdateCheck = 1010;
				LastUpgradeCheck = 1010;
				ORGANIZATIONNAME = Aliamcami;
				TargetAttributes = {
					863315922229B12800994B15 = {
						CreatedOnToolsVersion = 10.1;
					};
					863315A62229B12A00994B15 = {
						CreatedOnToolsVersion = 10.1;
						TestTargetID = 863315922229B12800994B15;
					};
				};
			};
			buildConfigurationList = 8633158E2229B12700994B15 /* Build configuration list for PBXProject "PagSeguroTest" */;
			compatibilityVersion = "Xcode 9.3";
			developmentRegion = en;
			hasScannedForEncodings = 0;
			knownRegions = (
				en,
				Base,
			);
			mainGroup = 8633158A2229B12700994B15;
			productRefGroup = 863315942229B12800994B15 /* Products */;
			projectDirPath = "";
			projectRoot = "";
			targets = (
				863315922229B12800994B15 /* PagSeguroTest */,
				863315A62229B12A00994B15 /* PagSeguroTestTests */,
			);
		};
/* End PBXProject section */

/* Begin PBXResourcesBuildPhase section */
		863315912229B12800994B15 /* Resources */ = {
			isa = PBXResourcesBuildPhase;
			buildActionMask = 2147483647;
			files = (
				863315A12229B12A00994B15 /* LaunchScreen.storyboard in Resources */,
				8633159E2229B12A00994B15 /* Assets.xcassets in Resources */,
				8633159C2229B12800994B15 /* Main.storyboard in Resources */,
			);
			runOnlyForDeploymentPostprocessing = 0;
		};
		863315A52229B12A00994B15 /* Resources */ = {
			isa = PBXResourcesBuildPhase;
			buildActionMask = 2147483647;
			files = (
			);
			runOnlyForDeploymentPostprocessing = 0;
		};
/* End PBXResourcesBuildPhase section */

/* Begin PBXSourcesBuildPhase section */
		8633158F2229B12800994B15 /* Sources */ = {
			isa = PBXSourcesBuildPhase;
			buildActionMask = 2147483647;
			files = (
				863315BD2229C2F400994B15 /* ShowAllBeersTableVC.swift in Sources */,
				863315C82229D67800994B15 /* BeerDetailVC.swift in Sources */,
				863315BB2229C27100994B15 /* ExtensionUIImageView.swift in Sources */,
				863315BF2229C67300994B15 /* BeerBasicInfoTVCell.swift in Sources */,
				863315B72229B14A00994B15 /* Punkapi.swift in Sources */,
				863315972229B12800994B15 /* AppDelegate.swift in Sources */,
				863315B92229B1A200994B15 /* Beer.swift in Sources */,
			);
			runOnlyForDeploymentPostprocessing = 0;
		};
		863315A32229B12A00994B15 /* Sources */ = {
			isa = PBXSourcesBuildPhase;
			buildActionMask = 2147483647;
			files = (
				863315AC2229B12A00994B15 /* PagSeguroTestTests.swift in Sources */,
			);
			runOnlyForDeploymentPostprocessing = 0;
		};
/* End PBXSourcesBuildPhase section */

/* Begin PBXTargetDependency section */
		863315A92229B12A00994B15 /* PBXTargetDependency */ = {
			isa = PBXTargetDependency;
			target = 863315922229B12800994B15 /* PagSeguroTest */;
			targetProxy = 863315A82229B12A00994B15 /* PBXContainerItemProxy */;
		};
/* End PBXTargetDependency section */

/* Begin PBXVariantGroup section */
		8633159A2229B12800994B15 /* Main.storyboard */ = {
			isa = PBXVariantGroup;
			children = (
				8633159B2229B12800994B15 /* Base */,
			);
			name = Main.storyboard;
			sourceTree = "<group>";
		};
		8633159F2229B12A00994B15 /* LaunchScreen.storyboard */ = {
			isa = PBXVariantGroup;
			children = (
				863315A02229B12A00994B15 /* Base */,
			);
			name = LaunchScreen.storyboard;
			sourceTree = "<group>";
		};
/* End PBXVariantGroup section */

/* Begin XCBuildConfiguration section */
		863315AE2229B12A00994B15 /* Debug */ = {
			isa = XCBuildConfiguration;
			buildSettings = {
				ALWAYS_SEARCH_USER_PATHS = NO;
				CLANG_ANALYZER_NONNULL = YES;
				CLANG_ANALYZER_NUMBER_OBJECT_CONVERSION = YES_AGGRESSIVE;
				CLANG_CXX_LANGUAGE_STANDARD = "gnu++14";
				CLANG_CXX_LIBRARY = "libc++";
				CLANG_ENABLE_MODULES = YES;
				CLANG_ENABLE_OBJC_ARC = YES;
				CLANG_ENABLE_OBJC_WEAK = YES;
				CLANG_WARN_BLOCK_CAPTURE_AUTORELEASING = YES;
				CLANG_WARN_BOOL_CONVERSION = YES;
				CLANG_WARN_COMMA = YES;
				CLANG_WARN_CONSTANT_CONVERSION = YES;
				CLANG_WARN_DEPRECATED_OBJC_IMPLEMENTATIONS = YES;
				CLANG_WARN_DIRECT_OBJC_ISA_USAGE = YES_ERROR;
				CLANG_WARN_DOCUMENTATION_COMMENTS = YES;
				CLANG_WARN_EMPTY_BODY = YES;
				CLANG_WARN_ENUM_CONVERSION = YES;
				CLANG_WARN_INFINITE_RECURSION = YES;
				CLANG_WARN_INT_CONVERSION = YES;
				CLANG_WARN_NON_LITERAL_NULL_CONVERSION = YES;
				CLANG_WARN_OBJC_IMPLICIT_RETAIN_SELF = YES;
				CLANG_WARN_OBJC_LITERAL_CONVERSION = YES;
				CLANG_WARN_OBJC_ROOT_CLASS = YES_ERROR;
				CLANG_WARN_RANGE_LOOP_ANALYSIS = YES;
				CLANG_WARN_STRICT_PROTOTYPES = YES;
				CLANG_WARN_SUSPICIOUS_MOVE = YES;
				CLANG_WARN_UNGUARDED_AVAILABILITY = YES_AGGRESSIVE;
				CLANG_WARN_UNREACHABLE_CODE = YES;
				CLANG_WARN__DUPLICATE_METHOD_MATCH = YES;
				CODE_SIGN_IDENTITY = "iPhone Developer";
				COPY_PHASE_STRIP = NO;
				DEBUG_INFORMATION_FORMAT = dwarf;
				ENABLE_STRICT_OBJC_MSGSEND = YES;
				ENABLE_TESTABILITY = YES;
				GCC_C_LANGUAGE_STANDARD = gnu11;
				GCC_DYNAMIC_NO_PIC = NO;
				GCC_NO_COMMON_BLOCKS = YES;
				GCC_OPTIMIZATION_LEVEL = 0;
				GCC_PREPROCESSOR_DEFINITIONS = (
					"DEBUG=1",
					"$(inherited)",
				);
				GCC_WARN_64_TO_32_BIT_CONVERSION = YES;
				GCC_WARN_ABOUT_RETURN_TYPE = YES_ERROR;
				GCC_WARN_UNDECLARED_SELECTOR = YES;
				GCC_WARN_UNINITIALIZED_AUTOS = YES_AGGRESSIVE;
				GCC_WARN_UNUSED_FUNCTION = YES;
				GCC_WARN_UNUSED_VARIABLE = YES;
				IPHONEOS_DEPLOYMENT_TARGET = 12.1;
				MTL_ENABLE_DEBUG_INFO = INCLUDE_SOURCE;
				MTL_FAST_MATH = YES;
				ONLY_ACTIVE_ARCH = YES;
				SDKROOT = iphoneos;
				SWIFT_ACTIVE_COMPILATION_CONDITIONS = DEBUG;
				SWIFT_OPTIMIZATION_LEVEL = "-Onone";
			};
			name = Debug;
		};
		863315AF2229B12A00994B15 /* Release */ = {
			isa = XCBuildConfiguration;
			buildSettings = {
				ALWAYS_SEARCH_USER_PATHS = NO;
				CLANG_ANALYZER_NONNULL = YES;
				CLANG_ANALYZER_NUMBER_OBJECT_CONVERSION = YES_AGGRESSIVE;
				CLANG_CXX_LANGUAGE_STANDARD = "gnu++14";
				CLANG_CXX_LIBRARY = "libc++";
				CLANG_ENABLE_MODULES = YES;
				CLANG_ENABLE_OBJC_ARC = YES;
				CLANG_ENABLE_OBJC_WEAK = YES;
				CLANG_WARN_BLOCK_CAPTURE_AUTORELEASING = YES;
				CLANG_WARN_BOOL_CONVERSION = YES;
				CLANG_WARN_COMMA = YES;
				CLANG_WARN_CONSTANT_CONVERSION = YES;
				CLANG_WARN_DEPRECATED_OBJC_IMPLEMENTATIONS = YES;
				CLANG_WARN_DIRECT_OBJC_ISA_USAGE = YES_ERROR;
				CLANG_WARN_DOCUMENTATION_COMMENTS = YES;
				CLANG_WARN_EMPTY_BODY = YES;
				CLANG_WARN_ENUM_CONVERSION = YES;
				CLANG_WARN_INFINITE_RECURSION = YES;
				CLANG_WARN_INT_CONVERSION = YES;
				CLANG_WARN_NON_LITERAL_NULL_CONVERSION = YES;
				CLANG_WARN_OBJC_IMPLICIT_RETAIN_SELF = YES;
				CLANG_WARN_OBJC_LITERAL_CONVERSION = YES;
				CLANG_WARN_OBJC_ROOT_CLASS = YES_ERROR;
				CLANG_WARN_RANGE_LOOP_ANALYSIS = YES;
				CLANG_WARN_STRICT_PROTOTYPES = YES;
				CLANG_WARN_SUSPICIOUS_MOVE = YES;
				CLANG_WARN_UNGUARDED_AVAILABILITY = YES_AGGRESSIVE;
				CLANG_WARN_UNREACHABLE_CODE = YES;
				CLANG_WARN__DUPLICATE_METHOD_MATCH = YES;
				CODE_SIGN_IDENTITY = "iPhone Developer";
				COPY_PHASE_STRIP = NO;
				DEBUG_INFORMATION_FORMAT = "dwarf-with-dsym";
				ENABLE_NS_ASSERTIONS = NO;
				ENABLE_STRICT_OBJC_MSGSEND = YES;
				GCC_C_LANGUAGE_STANDARD = gnu11;
				GCC_NO_COMMON_BLOCKS = YES;
				GCC_WARN_64_TO_32_BIT_CONVERSION = YES;
				GCC_WARN_ABOUT_RETURN_TYPE = YES_ERROR;
				GCC_WARN_UNDECLARED_SELECTOR = YES;
				GCC_WARN_UNINITIALIZED_AUTOS = YES_AGGRESSIVE;
				GCC_WARN_UNUSED_FUNCTION = YES;
				GCC_WARN_UNUSED_VARIABLE = YES;
				IPHONEOS_DEPLOYMENT_TARGET = 12.1;
				MTL_ENABLE_DEBUG_INFO = NO;
				MTL_FAST_MATH = YES;
				SDKROOT = iphoneos;
				SWIFT_COMPILATION_MODE = wholemodule;
				SWIFT_OPTIMIZATION_LEVEL = "-O";
				VALIDATE_PRODUCT = YES;
			};
			name = Release;
		};
		863315B12229B12A00994B15 /* Debug */ = {
			isa = XCBuildConfiguration;
			buildSettings = {
				ASSETCATALOG_COMPILER_APPICON_NAME = AppIcon;
				CODE_SIGN_STYLE = Automatic;
				DEVELOPMENT_TEAM = SJAG297899;
				INFOPLIST_FILE = PagSeguroTest/Info.plist;
				LD_RUNPATH_SEARCH_PATHS = (
					"$(inherited)",
					"@executable_path/Frameworks",
				);
				PRODUCT_BUNDLE_IDENTIFIER = Aliamcami.PagSeguroTest;
				PRODUCT_NAME = "$(TARGET_NAME)";
				SWIFT_VERSION = 4.2;
				TARGETED_DEVICE_FAMILY = "1,2";
			};
			name = Debug;
		};
		863315B22229B12A00994B15 /* Release */ = {
			isa = XCBuildConfiguration;
			buildSettings = {
				ASSETCATALOG_COMPILER_APPICON_NAME = AppIcon;
				CODE_SIGN_STYLE = Automatic;
				DEVELOPMENT_TEAM = SJAG297899;
				INFOPLIST_FILE = PagSeguroTest/Info.plist;
				LD_RUNPATH_SEARCH_PATHS = (
					"$(inherited)",
					"@executable_path/Frameworks",
				);
				PRODUCT_BUNDLE_IDENTIFIER = Aliamcami.PagSeguroTest;
				PRODUCT_NAME = "$(TARGET_NAME)";
				SWIFT_VERSION = 4.2;
				TARGETED_DEVICE_FAMILY = "1,2";
			};
			name = Release;
		};
		863315B42229B12A00994B15 /* Debug */ = {
			isa = XCBuildConfiguration;
			buildSettings = {
				ALWAYS_EMBED_SWIFT_STANDARD_LIBRARIES = YES;
				BUNDLE_LOADER = "$(TEST_HOST)";
				CODE_SIGN_STYLE = Automatic;
				DEVELOPMENT_TEAM = SJAG297899;
				INFOPLIST_FILE = PagSeguroTestTests/Info.plist;
				LD_RUNPATH_SEARCH_PATHS = (
					"$(inherited)",
					"@executable_path/Frameworks",
					"@loader_path/Frameworks",
				);
				PRODUCT_BUNDLE_IDENTIFIER = Aliamcami.PagSeguroTestTests;
				PRODUCT_NAME = "$(TARGET_NAME)";
				SWIFT_VERSION = 4.2;
				TARGETED_DEVICE_FAMILY = "1,2";
				TEST_HOST = "$(BUILT_PRODUCTS_DIR)/PagSeguroTest.app/PagSeguroTest";
			};
			name = Debug;
		};
		863315B52229B12A00994B15 /* Release */ = {
			isa = XCBuildConfiguration;
			buildSettings = {
				ALWAYS_EMBED_SWIFT_STANDARD_LIBRARIES = YES;
				BUNDLE_LOADER = "$(TEST_HOST)";
				CODE_SIGN_STYLE = Automatic;
				DEVELOPMENT_TEAM = SJAG297899;
				INFOPLIST_FILE = PagSeguroTestTests/Info.plist;
				LD_RUNPATH_SEARCH_PATHS = (
					"$(inherited)",
					"@executable_path/Frameworks",
					"@loader_path/Frameworks",
				);
				PRODUCT_BUNDLE_IDENTIFIER = Aliamcami.PagSeguroTestTests;
				PRODUCT_NAME = "$(TARGET_NAME)";
				SWIFT_VERSION = 4.2;
				TARGETED_DEVICE_FAMILY = "1,2";
				TEST_HOST = "$(BUILT_PRODUCTS_DIR)/PagSeguroTest.app/PagSeguroTest";
			};
			name = Release;
		};
/* End XCBuildConfiguration section */

/* Begin XCConfigurationList section */
		8633158E2229B12700994B15 /* Build configuration list for PBXProject "PagSeguroTest" */ = {
			isa = XCConfigurationList;
			buildConfigurations = (
				863315AE2229B12A00994B15 /* Debug */,
				863315AF2229B12A00994B15 /* Release */,
			);
			defaultConfigurationIsVisible = 0;
			defaultConfigurationName = Release;
		};
		863315B02229B12A00994B15 /* Build configuration list for PBXNativeTarget "PagSeguroTest" */ = {
			isa = XCConfigurationList;
			buildConfigurations = (
				863315B12229B12A00994B15 /* Debug */,
				863315B22229B12A00994B15 /* Release */,
			);
			defaultConfigurationIsVisible = 0;
			defaultConfigurationName = Release;
		};
		863315B32229B12A00994B15 /* Build configuration list for PBXNativeTarget "PagSeguroTestTests" */ = {
			isa = XCConfigurationList;
			buildConfigurations = (
				863315B42229B12A00994B15 /* Debug */,
				863315B52229B12A00994B15 /* Release */,
			);
			defaultConfigurationIsVisible = 0;
			defaultConfigurationName = Release;
		};
/* End XCConfigurationList section */
	};
	rootObject = 8633158B2229B12700994B15 /* Project object */;
}
